
Microsoft Visual Studio Solution File, Format Version 12.00
# Visual Studio Version 17
VisualStudioVersion = 17.14.36616.10 d17.14
MinimumVisualStudioVersion = 10.0.40219.1
Project("{FAE04EC0-301F-11D3-BF4B-00C04F79EFBC}") = "Core", "Core\Core.csproj", "{230BBC91-9C0B-43DE-9108-1DCAF38DBDDD}"
EndProject
Global
	GlobalSection(SolutionConfigurationPlatforms) = preSolution
		Debug|Any CPU = Debug|Any CPU
		Release|Any CPU = Release|Any CPU
	EndGlobalSection
	GlobalSection(ProjectConfigurationPlatforms) = postSolution
		{230BBC91-9C0B-43DE-9108-1DCAF38DBDDD}.Debug|Any CPU.ActiveCfg = Debug|Any CPU
		{230BBC91-9C0B-43DE-9108-1DCAF38DBDDD}.Debug|Any CPU.Build.0 = Debug|Any CPU
		{230BBC91-9C0B-43DE-9108-1DCAF38DBDDD}.Release|Any CPU.ActiveCfg = Release|Any CPU
		{230BBC91-9C0B-43DE-9108-1DCAF38DBDDD}.Release|Any CPU.Build.0 = Release|Any CPU
	EndGlobalSection
	GlobalSection(SolutionProperties) = preSolution
		HideSolutionNode = FALSE
	EndGlobalSection
	GlobalSection(ExtensibilityGlobals) = postSolution
		SolutionGuid = {E070E7FE-A37C-4133-A262-2F7687A3AF7E}
	EndGlobalSection
EndGlobal
